
Microsoft Visual Studio Solution File, Format Version 12.00
# Visual Studio Version 17
VisualStudioVersion = 17.1.32210.238
MinimumVisualStudioVersion = 10.0.40219.1
Project("{FAE04EC0-301F-11D3-BF4B-00C04F79EFBC}") = "tpmodul4_1302204090", "tpmodul4_1302204090\tpmodul4_1302204090.csproj", "{973259F8-4AE9-425F-B7BE-A582EF0FBB97}"
EndProject
Global
	GlobalSection(SolutionConfigurationPlatforms) = preSolution
		Debug|Any CPU = Debug|Any CPU
		Release|Any CPU = Release|Any CPU
	EndGlobalSection
	GlobalSection(ProjectConfigurationPlatforms) = postSolution
		{973259F8-4AE9-425F-B7BE-A582EF0FBB97}.Debug|Any CPU.ActiveCfg = Debug|Any CPU
		{973259F8-4AE9-425F-B7BE-A582EF0FBB97}.Debug|Any CPU.Build.0 = Debug|Any CPU
		{973259F8-4AE9-425F-B7BE-A582EF0FBB97}.Release|Any CPU.ActiveCfg = Release|Any CPU
		{973259F8-4AE9-425F-B7BE-A582EF0FBB97}.Release|Any CPU.Build.0 = Release|Any CPU
	EndGlobalSection
	GlobalSection(SolutionProperties) = preSolution
		HideSolutionNode = FALSE
	EndGlobalSection
	GlobalSection(ExtensibilityGlobals) = postSolution
		SolutionGuid = {3FC6EF29-D334-42E8-A968-88AC04E96EDF}
	EndGlobalSection
EndGlobal
